
Microsoft Visual Studio Solution File, Format Version 12.00
# Visual Studio 15
VisualStudioVersion = 15.0.28307.572
MinimumVisualStudioVersion = 10.0.40219.1
Project("{FAE04EC0-301F-11D3-BF4B-00C04F79EFBC}") = "GroupSol", "GroupSol\GroupSol.csproj", "{3FD1A25F-7037-4373-BF9F-4AB1348D3035}"
EndProject
Global
	GlobalSection(SolutionConfigurationPlatforms) = preSolution
		Debug|Any CPU = Debug|Any CPU
		Release|Any CPU = Release|Any CPU
	EndGlobalSection
	GlobalSection(ProjectConfigurationPlatforms) = postSolution
		{3FD1A25F-7037-4373-BF9F-4AB1348D3035}.Debug|Any CPU.ActiveCfg = Debug|Any CPU
		{3FD1A25F-7037-4373-BF9F-4AB1348D3035}.Debug|Any CPU.Build.0 = Debug|Any CPU
		{3FD1A25F-7037-4373-BF9F-4AB1348D3035}.Release|Any CPU.ActiveCfg = Release|Any CPU
		{3FD1A25F-7037-4373-BF9F-4AB1348D3035}.Release|Any CPU.Build.0 = Release|Any CPU
	EndGlobalSection
	GlobalSection(SolutionProperties) = preSolution
		HideSolutionNode = FALSE
	EndGlobalSection
	GlobalSection(ExtensibilityGlobals) = postSolution
		SolutionGuid = {1319F8E4-6236-4DB1-9344-1EB2C19AC9E2}
	EndGlobalSection
EndGlobal
